
Microsoft Visual Studio Solution File, Format Version 12.00
# Visual Studio 15
VisualStudioVersion = 15.0.28307.329
MinimumVisualStudioVersion = 10.0.40219.1
Project("{FAE04EC0-301F-11D3-BF4B-00C04F79EFBC}") = "Systech", "Systech\Systech.csproj", "{AA3DB43B-BA4F-46EA-BF3B-26ADAC4C997B}"
EndProject
Global
	GlobalSection(SolutionConfigurationPlatforms) = preSolution
		Debug|Any CPU = Debug|Any CPU
		Release|Any CPU = Release|Any CPU
	EndGlobalSection
	GlobalSection(ProjectConfigurationPlatforms) = postSolution
		{AA3DB43B-BA4F-46EA-BF3B-26ADAC4C997B}.Debug|Any CPU.ActiveCfg = Debug|Any CPU
		{AA3DB43B-BA4F-46EA-BF3B-26ADAC4C997B}.Debug|Any CPU.Build.0 = Debug|Any CPU
		{AA3DB43B-BA4F-46EA-BF3B-26ADAC4C997B}.Release|Any CPU.ActiveCfg = Release|Any CPU
		{AA3DB43B-BA4F-46EA-BF3B-26ADAC4C997B}.Release|Any CPU.Build.0 = Release|Any CPU
	EndGlobalSection
	GlobalSection(SolutionProperties) = preSolution
		HideSolutionNode = FALSE
	EndGlobalSection
	GlobalSection(ExtensibilityGlobals) = postSolution
		SolutionGuid = {B3D651EF-AF9A-41C9-892C-E423E7774DF6}
	EndGlobalSection
EndGlobal
